
Microsoft Visual Studio Solution File, Format Version 12.00
# Visual Studio Version 16
VisualStudioVersion = 16.0.31702.278
MinimumVisualStudioVersion = 10.0.40219.1
Project("{9A19103F-16F7-4668-BE54-9A1E7A4F7556}") = "DataAccess", "DataAccess\DataAccess.csproj", "{885C712B-8208-4BA3-831F-05A15BE27C8C}"
EndProject
Project("{9A19103F-16F7-4668-BE54-9A1E7A4F7556}") = "Business", "Business\Business.csproj", "{3F0B1E10-40F1-479B-A729-20B92DE69A0F}"
EndProject
Project("{9A19103F-16F7-4668-BE54-9A1E7A4F7556}") = "Entities", "Entities\Entities.csproj", "{0B0F07B0-BF70-4717-A66A-2484463A0117}"
EndProject
Project("{9A19103F-16F7-4668-BE54-9A1E7A4F7556}") = "ConsoleUI", "ConsoleUI\ConsoleUI.csproj", "{4F4B79CE-B609-477A-88C3-9DCFEAAE94A1}"
EndProject
Project("{FAE04EC0-301F-11D3-BF4B-00C04F79EFBC}") = "Core", "Core\Core.csproj", "{8B3DCDF1-1980-4EA1-85B1-942163580733}"
EndProject
Global
	GlobalSection(SolutionConfigurationPlatforms) = preSolution
		Debug|Any CPU = Debug|Any CPU
		Release|Any CPU = Release|Any CPU
	EndGlobalSection
	GlobalSection(ProjectConfigurationPlatforms) = postSolution
		{885C712B-8208-4BA3-831F-05A15BE27C8C}.Debug|Any CPU.ActiveCfg = Debug|Any CPU
		{885C712B-8208-4BA3-831F-05A15BE27C8C}.Debug|Any CPU.Build.0 = Debug|Any CPU
		{885C712B-8208-4BA3-831F-05A15BE27C8C}.Release|Any CPU.ActiveCfg = Release|Any CPU
		{885C712B-8208-4BA3-831F-05A15BE27C8C}.Release|Any CPU.Build.0 = Release|Any CPU
		{3F0B1E10-40F1-479B-A729-20B92DE69A0F}.Debug|Any CPU.ActiveCfg = Debug|Any CPU
		{3F0B1E10-40F1-479B-A729-20B92DE69A0F}.Debug|Any CPU.Build.0 = Debug|Any CPU
		{3F0B1E10-40F1-479B-A729-20B92DE69A0F}.Release|Any CPU.ActiveCfg = Release|Any CPU
		{3F0B1E10-40F1-479B-A729-20B92DE69A0F}.Release|Any CPU.Build.0 = Release|Any CPU
		{0B0F07B0-BF70-4717-A66A-2484463A0117}.Debug|Any CPU.ActiveCfg = Debug|Any CPU
		{0B0F07B0-BF70-4717-A66A-2484463A0117}.Debug|Any CPU.Build.0 = Debug|Any CPU
		{0B0F07B0-BF70-4717-A66A-2484463A0117}.Release|Any CPU.ActiveCfg = Release|Any CPU
		{0B0F07B0-BF70-4717-A66A-2484463A0117}.Release|Any CPU.Build.0 = Release|Any CPU
		{4F4B79CE-B609-477A-88C3-9DCFEAAE94A1}.Debug|Any CPU.ActiveCfg = Debug|Any CPU
		{4F4B79CE-B609-477A-88C3-9DCFEAAE94A1}.Debug|Any CPU.Build.0 = Debug|Any CPU
		{4F4B79CE-B609-477A-88C3-9DCFEAAE94A1}.Release|Any CPU.ActiveCfg = Release|Any CPU
		{4F4B79CE-B609-477A-88C3-9DCFEAAE94A1}.Release|Any CPU.Build.0 = Release|Any CPU
		{8B3DCDF1-1980-4EA1-85B1-942163580733}.Debug|Any CPU.ActiveCfg = Debug|Any CPU
		{8B3DCDF1-1980-4EA1-85B1-942163580733}.Debug|Any CPU.Build.0 = Debug|Any CPU
		{8B3DCDF1-1980-4EA1-85B1-942163580733}.Release|Any CPU.ActiveCfg = Release|Any CPU
		{8B3DCDF1-1980-4EA1-85B1-942163580733}.Release|Any CPU.Build.0 = Release|Any CPU
	EndGlobalSection
	GlobalSection(SolutionProperties) = preSolution
		HideSolutionNode = FALSE
	EndGlobalSection
	GlobalSection(ExtensibilityGlobals) = postSolution
		SolutionGuid = {A535B23D-C5E0-4B48-B632-811B88C9FD09}
	EndGlobalSection
EndGlobal
